<Solution>
  <Project Path="Common/Common.csproj" />
  <Project Path="EmailSending/EmailSending.csproj" />
  <Project Path="ObjectUploadTracking/ObjectUploadTracking.csproj">
    <Build Solution="Debug|*" Project="false" />
  </Project>
  <Project Path="Playground/Playground.csproj" />
  <Project Path="SalesWebApi.IntegrationTests/SalesWebApi.IntegrationTests.csproj" />
  <Project Path="SalesWebApi/SalesWebApi.csproj" />
  <Project Path="UserIdentity/UserIdentity.csproj" />
  <Project Path="VehicleSales/VehicleSales.csproj" />
</Solution>
